
Microsoft Visual Studio Solution File, Format Version 12.00
# Visual Studio Version 17
VisualStudioVersion = 17.2.32516.85
MinimumVisualStudioVersion = 10.0.40219.1
Project("{FAE04EC0-301F-11D3-BF4B-00C04F79EFBC}") = "OrdenesTrabajo.Android", "OrdenesTrabajo\OrdenesTrabajo.Android\OrdenesTrabajo.Android.csproj", "{9AB08ABB-B304-4239-8CB6-319AB3B09C03}"
EndProject
Project("{FAE04EC0-301F-11D3-BF4B-00C04F79EFBC}") = "OrdenesTrabajo.iOS", "OrdenesTrabajo\OrdenesTrabajo.iOS\OrdenesTrabajo.iOS.csproj", "{19332804-0ABE-43E8-B392-272E18F2AB8B}"
EndProject
Project("{9A19103F-16F7-4668-BE54-9A1E7A4F7556}") = "OrdenesTrabajo", "OrdenesTrabajo\OrdenesTrabajo\OrdenesTrabajo.csproj", "{3F6EEB8F-6A94-4E10-955E-6F68366A8E1C}"
EndProject
Global
	GlobalSection(SolutionConfigurationPlatforms) = preSolution
		Debug|Any CPU = Debug|Any CPU
		Debug|iPhone = Debug|iPhone
		Debug|iPhoneSimulator = Debug|iPhoneSimulator
		Release|Any CPU = Release|Any CPU
		Release|iPhone = Release|iPhone
		Release|iPhoneSimulator = Release|iPhoneSimulator
	EndGlobalSection
	GlobalSection(ProjectConfigurationPlatforms) = postSolution
		{9AB08ABB-B304-4239-8CB6-319AB3B09C03}.Debug|Any CPU.ActiveCfg = Debug|Any CPU
		{9AB08ABB-B304-4239-8CB6-319AB3B09C03}.Debug|Any CPU.Build.0 = Debug|Any CPU
		{9AB08ABB-B304-4239-8CB6-319AB3B09C03}.Debug|Any CPU.Deploy.0 = Debug|Any CPU
		{9AB08ABB-B304-4239-8CB6-319AB3B09C03}.Debug|iPhone.ActiveCfg = Debug|Any CPU
		{9AB08ABB-B304-4239-8CB6-319AB3B09C03}.Debug|iPhone.Build.0 = Debug|Any CPU
		{9AB08ABB-B304-4239-8CB6-319AB3B09C03}.Debug|iPhone.Deploy.0 = Debug|Any CPU
		{9AB08ABB-B304-4239-8CB6-319AB3B09C03}.Debug|iPhoneSimulator.ActiveCfg = Debug|Any CPU
		{9AB08ABB-B304-4239-8CB6-319AB3B09C03}.Debug|iPhoneSimulator.Build.0 = Debug|Any CPU
		{9AB08ABB-B304-4239-8CB6-319AB3B09C03}.Debug|iPhoneSimulator.Deploy.0 = Debug|Any CPU
		{9AB08ABB-B304-4239-8CB6-319AB3B09C03}.Release|Any CPU.ActiveCfg = Release|Any CPU
		{9AB08ABB-B304-4239-8CB6-319AB3B09C03}.Release|Any CPU.Build.0 = Release|Any CPU
		{9AB08ABB-B304-4239-8CB6-319AB3B09C03}.Release|Any CPU.Deploy.0 = Release|Any CPU
		{9AB08ABB-B304-4239-8CB6-319AB3B09C03}.Release|iPhone.ActiveCfg = Release|Any CPU
		{9AB08ABB-B304-4239-8CB6-319AB3B09C03}.Release|iPhone.Build.0 = Release|Any CPU
		{9AB08ABB-B304-4239-8CB6-319AB3B09C03}.Release|iPhone.Deploy.0 = Release|Any CPU
		{9AB08ABB-B304-4239-8CB6-319AB3B09C03}.Release|iPhoneSimulator.ActiveCfg = Release|Any CPU
		{9AB08ABB-B304-4239-8CB6-319AB3B09C03}.Release|iPhoneSimulator.Build.0 = Release|Any CPU
		{9AB08ABB-B304-4239-8CB6-319AB3B09C03}.Release|iPhoneSimulator.Deploy.0 = Release|Any CPU
		{19332804-0ABE-43E8-B392-272E18F2AB8B}.Debug|Any CPU.ActiveCfg = Debug|iPhone
		{19332804-0ABE-43E8-B392-272E18F2AB8B}.Debug|Any CPU.Build.0 = Debug|iPhone
		{19332804-0ABE-43E8-B392-272E18F2AB8B}.Debug|Any CPU.Deploy.0 = Debug|iPhone
		{19332804-0ABE-43E8-B392-272E18F2AB8B}.Debug|iPhone.ActiveCfg = Debug|iPhone
		{19332804-0ABE-43E8-B392-272E18F2AB8B}.Debug|iPhone.Build.0 = Debug|iPhone
		{19332804-0ABE-43E8-B392-272E18F2AB8B}.Debug|iPhone.Deploy.0 = Debug|iPhone
		{19332804-0ABE-43E8-B392-272E18F2AB8B}.Debug|iPhoneSimulator.ActiveCfg = Debug|iPhoneSimulator
		{19332804-0ABE-43E8-B392-272E18F2AB8B}.Debug|iPhoneSimulator.Build.0 = Debug|iPhoneSimulator
		{19332804-0ABE-43E8-B392-272E18F2AB8B}.Debug|iPhoneSimulator.Deploy.0 = Debug|iPhoneSimulator
		{19332804-0ABE-43E8-B392-272E18F2AB8B}.Release|Any CPU.ActiveCfg = Release|iPhoneSimulator
		{19332804-0ABE-43E8-B392-272E18F2AB8B}.Release|Any CPU.Build.0 = Release|iPhoneSimulator
		{19332804-0ABE-43E8-B392-272E18F2AB8B}.Release|Any CPU.Deploy.0 = Release|iPhoneSimulator
		{19332804-0ABE-43E8-B392-272E18F2AB8B}.Release|iPhone.ActiveCfg = Release|iPhone
		{19332804-0ABE-43E8-B392-272E18F2AB8B}.Release|iPhone.Build.0 = Release|iPhone
		{19332804-0ABE-43E8-B392-272E18F2AB8B}.Release|iPhone.Deploy.0 = Release|iPhone
		{19332804-0ABE-43E8-B392-272E18F2AB8B}.Release|iPhoneSimulator.ActiveCfg = Release|iPhoneSimulator
		{19332804-0ABE-43E8-B392-272E18F2AB8B}.Release|iPhoneSimulator.Build.0 = Release|iPhoneSimulator
		{19332804-0ABE-43E8-B392-272E18F2AB8B}.Release|iPhoneSimulator.Deploy.0 = Release|iPhoneSimulator
		{3F6EEB8F-6A94-4E10-955E-6F68366A8E1C}.Debug|Any CPU.ActiveCfg = Debug|Any CPU
		{3F6EEB8F-6A94-4E10-955E-6F68366A8E1C}.Debug|Any CPU.Build.0 = Debug|Any CPU
		{3F6EEB8F-6A94-4E10-955E-6F68366A8E1C}.Debug|Any CPU.Deploy.0 = Debug|Any CPU
		{3F6EEB8F-6A94-4E10-955E-6F68366A8E1C}.Debug|iPhone.ActiveCfg = Debug|Any CPU
		{3F6EEB8F-6A94-4E10-955E-6F68366A8E1C}.Debug|iPhone.Build.0 = Debug|Any CPU
		{3F6EEB8F-6A94-4E10-955E-6F68366A8E1C}.Debug|iPhone.Deploy.0 = Debug|Any CPU
		{3F6EEB8F-6A94-4E10-955E-6F68366A8E1C}.Debug|iPhoneSimulator.ActiveCfg = Debug|Any CPU
		{3F6EEB8F-6A94-4E10-955E-6F68366A8E1C}.Debug|iPhoneSimulator.Build.0 = Debug|Any CPU
		{3F6EEB8F-6A94-4E10-955E-6F68366A8E1C}.Debug|iPhoneSimulator.Deploy.0 = Debug|Any CPU
		{3F6EEB8F-6A94-4E10-955E-6F68366A8E1C}.Release|Any CPU.ActiveCfg = Release|Any CPU
		{3F6EEB8F-6A94-4E10-955E-6F68366A8E1C}.Release|Any CPU.Build.0 = Release|Any CPU
		{3F6EEB8F-6A94-4E10-955E-6F68366A8E1C}.Release|Any CPU.Deploy.0 = Release|Any CPU
		{3F6EEB8F-6A94-4E10-955E-6F68366A8E1C}.Release|iPhone.ActiveCfg = Release|Any CPU
		{3F6EEB8F-6A94-4E10-955E-6F68366A8E1C}.Release|iPhone.Build.0 = Release|Any CPU
		{3F6EEB8F-6A94-4E10-955E-6F68366A8E1C}.Release|iPhone.Deploy.0 = Release|Any CPU
		{3F6EEB8F-6A94-4E10-955E-6F68366A8E1C}.Release|iPhoneSimulator.ActiveCfg = Release|Any CPU
		{3F6EEB8F-6A94-4E10-955E-6F68366A8E1C}.Release|iPhoneSimulator.Build.0 = Release|Any CPU
		{3F6EEB8F-6A94-4E10-955E-6F68366A8E1C}.Release|iPhoneSimulator.Deploy.0 = Release|Any CPU
	EndGlobalSection
	GlobalSection(SolutionProperties) = preSolution
		HideSolutionNode = FALSE
	EndGlobalSection
	GlobalSection(ExtensibilityGlobals) = postSolution
		SolutionGuid = {2AFC84AD-D2E7-475A-BC0C-01BF753201A0}
	EndGlobalSection
EndGlobal
